{
  "version": "2",
  "remote": {
    "https://esm.sh/v132/build": "a0cdf9d0538325fc1eacf39f07b1ad22f21575c813f3db92e2187a97836f3a7f",
    "https://esm.sh/v132/esbuild@0.19.4": "a081078ee12af3c26f3a750b314b0d19870b5824edb01380f388b53ff71dc4a0",
    "https://esm.sh/v132/esbuild@0.19.4/denonext/esbuild.mjs": "f3e9b4aa690725d968e91eef98caf33c1a19d58ece9b2edd67dae758ee9360d2",
    "https://esm.sh/v132/node-forge@1.3.1": "216b59e4284d3f26302776c7b06c08cef492c086adb4e46f8f5e7e4b2eb4b9e9",
    "https://esm.sh/v132/node-forge@1.3.1/denonext/node-forge.mjs": "d033e1a92dbde7e16a69c1890c39ae90ecaf5b8e182ff4712739daabf69c58c9",
    "https://esm.sh/v132/~60a7739a4ffe7aa2e4af7095591dd1c1ab854d16@0.0.0/denonext/mod.mjs": "6718887307e93107b6356368ab5e5b02ec7651d93dc8702588af2fe8c5bee9c2",
    "https://esm.sh/~60a7739a4ffe7aa2e4af7095591dd1c1ab854d16": "88f5baa3eef072eb3535f1405c72dbe038691c6dfcb5a4f40acdefad6d4e4a52"
  },
  "npm": {
    "specifiers": {
      "esbuild": "esbuild@0.19.4",
      "node-forge": "node-forge@1.3.1"
    },
    "packages": {
      "@esbuild/android-arm64@0.19.4": {
        "integrity": "sha512-mRsi2vJsk4Bx/AFsNBqOH2fqedxn5L/moT58xgg51DjX1la64Z3Npicut2VbhvDFO26qjWtPMsVxCd80YTFVeg==",
        "dependencies": {}
      },
      "@esbuild/android-arm@0.19.4": {
        "integrity": "sha512-uBIbiYMeSsy2U0XQoOGVVcpIktjLMEKa7ryz2RLr7L/vTnANNEsPVAh4xOv7ondGz6ac1zVb0F8Jx20rQikffQ==",
        "dependencies": {}
      },
      "@esbuild/android-x64@0.19.4": {
        "integrity": "sha512-4iPufZ1TMOD3oBlGFqHXBpa3KFT46aLl6Vy7gwed0ZSYgHaZ/mihbYb4t7Z9etjkC9Al3ZYIoOaHrU60gcMy7g==",
        "dependencies": {}
      },
      "@esbuild/darwin-arm64@0.19.4": {
        "integrity": "sha512-Lviw8EzxsVQKpbS+rSt6/6zjn9ashUZ7Tbuvc2YENgRl0yZTktGlachZ9KMJUsVjZEGFVu336kl5lBgDN6PmpA==",
        "dependencies": {}
      },
      "@esbuild/darwin-x64@0.19.4": {
        "integrity": "sha512-YHbSFlLgDwglFn0lAO3Zsdrife9jcQXQhgRp77YiTDja23FrC2uwnhXMNkAucthsf+Psr7sTwYEryxz6FPAVqw==",
        "dependencies": {}
      },
      "@esbuild/freebsd-arm64@0.19.4": {
        "integrity": "sha512-vz59ijyrTG22Hshaj620e5yhs2dU1WJy723ofc+KUgxVCM6zxQESmWdMuVmUzxtGqtj5heHyB44PjV/HKsEmuQ==",
        "dependencies": {}
      },
      "@esbuild/freebsd-x64@0.19.4": {
        "integrity": "sha512-3sRbQ6W5kAiVQRBWREGJNd1YE7OgzS0AmOGjDmX/qZZecq8NFlQsQH0IfXjjmD0XtUYqr64e0EKNFjMUlPL3Cw==",
        "dependencies": {}
      },
      "@esbuild/linux-arm64@0.19.4": {
        "integrity": "sha512-ZWmWORaPbsPwmyu7eIEATFlaqm0QGt+joRE9sKcnVUG3oBbr/KYdNE2TnkzdQwX6EDRdg/x8Q4EZQTXoClUqqA==",
        "dependencies": {}
      },
      "@esbuild/linux-arm@0.19.4": {
        "integrity": "sha512-z/4ArqOo9EImzTi4b6Vq+pthLnepFzJ92BnofU1jgNlcVb+UqynVFdoXMCFreTK7FdhqAzH0vmdwW5373Hm9pg==",
        "dependencies": {}
      },
      "@esbuild/linux-ia32@0.19.4": {
        "integrity": "sha512-EGc4vYM7i1GRUIMqRZNCTzJh25MHePYsnQfKDexD8uPTCm9mK56NIL04LUfX2aaJ+C9vyEp2fJ7jbqFEYgO9lQ==",
        "dependencies": {}
      },
      "@esbuild/linux-loong64@0.19.4": {
        "integrity": "sha512-WVhIKO26kmm8lPmNrUikxSpXcgd6HDog0cx12BUfA2PkmURHSgx9G6vA19lrlQOMw+UjMZ+l3PpbtzffCxFDRg==",
        "dependencies": {}
      },
      "@esbuild/linux-mips64el@0.19.4": {
        "integrity": "sha512-keYY+Hlj5w86hNp5JJPuZNbvW4jql7c1eXdBUHIJGTeN/+0QFutU3GrS+c27L+NTmzi73yhtojHk+lr2+502Mw==",
        "dependencies": {}
      },
      "@esbuild/linux-ppc64@0.19.4": {
        "integrity": "sha512-tQ92n0WMXyEsCH4m32S21fND8VxNiVazUbU4IUGVXQpWiaAxOBvtOtbEt3cXIV3GEBydYsY8pyeRMJx9kn3rvw==",
        "dependencies": {}
      },
      "@esbuild/linux-riscv64@0.19.4": {
        "integrity": "sha512-tRRBey6fG9tqGH6V75xH3lFPpj9E8BH+N+zjSUCnFOX93kEzqS0WdyJHkta/mmJHn7MBaa++9P4ARiU4ykjhig==",
        "dependencies": {}
      },
      "@esbuild/linux-s390x@0.19.4": {
        "integrity": "sha512-152aLpQqKZYhThiJ+uAM4PcuLCAOxDsCekIbnGzPKVBRUDlgaaAfaUl5NYkB1hgY6WN4sPkejxKlANgVcGl9Qg==",
        "dependencies": {}
      },
      "@esbuild/linux-x64@0.19.4": {
        "integrity": "sha512-Mi4aNA3rz1BNFtB7aGadMD0MavmzuuXNTaYL6/uiYIs08U7YMPETpgNn5oue3ICr+inKwItOwSsJDYkrE9ekVg==",
        "dependencies": {}
      },
      "@esbuild/netbsd-x64@0.19.4": {
        "integrity": "sha512-9+Wxx1i5N/CYo505CTT7T+ix4lVzEdz0uCoYGxM5JDVlP2YdDC1Bdz+Khv6IbqmisT0Si928eAxbmGkcbiuM/A==",
        "dependencies": {}
      },
      "@esbuild/openbsd-x64@0.19.4": {
        "integrity": "sha512-MFsHleM5/rWRW9EivFssop+OulYVUoVcqkyOkjiynKBCGBj9Lihl7kh9IzrreDyXa4sNkquei5/DTP4uCk25xw==",
        "dependencies": {}
      },
      "@esbuild/sunos-x64@0.19.4": {
        "integrity": "sha512-6Xq8SpK46yLvrGxjp6HftkDwPP49puU4OF0hEL4dTxqCbfx09LyrbUj/D7tmIRMj5D5FCUPksBbxyQhp8tmHzw==",
        "dependencies": {}
      },
      "@esbuild/win32-arm64@0.19.4": {
        "integrity": "sha512-PkIl7Jq4mP6ke7QKwyg4fD4Xvn8PXisagV/+HntWoDEdmerB2LTukRZg728Yd1Fj+LuEX75t/hKXE2Ppk8Hh1w==",
        "dependencies": {}
      },
      "@esbuild/win32-ia32@0.19.4": {
        "integrity": "sha512-ga676Hnvw7/ycdKB53qPusvsKdwrWzEyJ+AtItHGoARszIqvjffTwaaW3b2L6l90i7MO9i+dlAW415INuRhSGg==",
        "dependencies": {}
      },
      "@esbuild/win32-x64@0.19.4": {
        "integrity": "sha512-HP0GDNla1T3ZL8Ko/SHAS2GgtjOg+VmWnnYLhuTksr++EnduYB0f3Y2LzHsUwb2iQ13JGoY6G3R8h6Du/WG6uA==",
        "dependencies": {}
      },
      "esbuild@0.19.4": {
        "integrity": "sha512-x7jL0tbRRpv4QUyuDMjONtWFciygUxWaUM1kMX2zWxI0X2YWOt7MSA0g4UdeSiHM8fcYVzpQhKYOycZwxTdZkA==",
        "dependencies": {
          "@esbuild/android-arm": "@esbuild/android-arm@0.19.4",
          "@esbuild/android-arm64": "@esbuild/android-arm64@0.19.4",
          "@esbuild/android-x64": "@esbuild/android-x64@0.19.4",
          "@esbuild/darwin-arm64": "@esbuild/darwin-arm64@0.19.4",
          "@esbuild/darwin-x64": "@esbuild/darwin-x64@0.19.4",
          "@esbuild/freebsd-arm64": "@esbuild/freebsd-arm64@0.19.4",
          "@esbuild/freebsd-x64": "@esbuild/freebsd-x64@0.19.4",
          "@esbuild/linux-arm": "@esbuild/linux-arm@0.19.4",
          "@esbuild/linux-arm64": "@esbuild/linux-arm64@0.19.4",
          "@esbuild/linux-ia32": "@esbuild/linux-ia32@0.19.4",
          "@esbuild/linux-loong64": "@esbuild/linux-loong64@0.19.4",
          "@esbuild/linux-mips64el": "@esbuild/linux-mips64el@0.19.4",
          "@esbuild/linux-ppc64": "@esbuild/linux-ppc64@0.19.4",
          "@esbuild/linux-riscv64": "@esbuild/linux-riscv64@0.19.4",
          "@esbuild/linux-s390x": "@esbuild/linux-s390x@0.19.4",
          "@esbuild/linux-x64": "@esbuild/linux-x64@0.19.4",
          "@esbuild/netbsd-x64": "@esbuild/netbsd-x64@0.19.4",
          "@esbuild/openbsd-x64": "@esbuild/openbsd-x64@0.19.4",
          "@esbuild/sunos-x64": "@esbuild/sunos-x64@0.19.4",
          "@esbuild/win32-arm64": "@esbuild/win32-arm64@0.19.4",
          "@esbuild/win32-ia32": "@esbuild/win32-ia32@0.19.4",
          "@esbuild/win32-x64": "@esbuild/win32-x64@0.19.4"
        }
      },
      "node-forge@1.3.1": {
        "integrity": "sha512-dPEtOeMvF9VMcYV/1Wb8CPoVAXtp6MKMlcbAt4ddqmGqUJ6fQZFXkNZNkNlfevtNkGtaSoXf/vNNNSvgrdXwtA==",
        "dependencies": {}
      }
    }
  }
}
